
Microsoft Visual Studio Solution File, Format Version 12.00
# Visual Studio Version 16
VisualStudioVersion = 16.0.31112.23
MinimumVisualStudioVersion = 10.0.40219.1
Project("{FAE04EC0-301F-11D3-BF4B-00C04F79EFBC}") = "Test1", "Test1.csproj", "{864540AA-A306-4486-BF3E-93266DA5EBA0}"
EndProject
Global
	GlobalSection(SolutionConfigurationPlatforms) = preSolution
		Debug|Any CPU = Debug|Any CPU
		Release|Any CPU = Release|Any CPU
	EndGlobalSection
	GlobalSection(ProjectConfigurationPlatforms) = postSolution
		{864540AA-A306-4486-BF3E-93266DA5EBA0}.Debug|Any CPU.ActiveCfg = Debug|Any CPU
		{864540AA-A306-4486-BF3E-93266DA5EBA0}.Debug|Any CPU.Build.0 = Debug|Any CPU
		{864540AA-A306-4486-BF3E-93266DA5EBA0}.Release|Any CPU.ActiveCfg = Release|Any CPU
		{864540AA-A306-4486-BF3E-93266DA5EBA0}.Release|Any CPU.Build.0 = Release|Any CPU
	EndGlobalSection
	GlobalSection(SolutionProperties) = preSolution
		HideSolutionNode = FALSE
	EndGlobalSection
	GlobalSection(ExtensibilityGlobals) = postSolution
		SolutionGuid = {4B824DC9-9FDA-40DF-AA9A-3E92DF7C4EAB}
	EndGlobalSection
EndGlobal
